<?xml version="1.0" encoding="utf-8"?>
<Project ToolsVersion="4.0" xmlns="http://schemas.microsoft.com/developer/msbuild/2003">
  <ItemGroup>
    <Filter Include="Source Files">
      <UniqueIdentifier>{4FC737F1-C7A5-4376-A066-2A32D752A2FF}</UniqueIdentifier>
      <Extensions>cpp;c;cc;cxx;c++;cppm;ixx;def;odl;idl;hpj;bat;asm;asmx</Extensions>
    </Filter>
    <Filter Include="Header Files">
      <UniqueIdentifier>{93995380-89BD-4b04-88EB-625FBE52EBFB}</UniqueIdentifier>
      <Extensions>h;hh;hpp;hxx;h++;hm;inl;inc;ipp;xsd</Extensions>
    </Filter>
    <Filter Include="Resource Files">
      <UniqueIdentifier>{67DA6AB6-F800-4c08-8B7A-83BB121AAD01}</UniqueIdentifier>
      <Extensions>rc;ico;cur;bmp;dlg;rc2;rct;bin;rgs;gif;jpg;jpeg;jpe;resx;tiff;tif;png;wav;mfcribbon-ms</Extensions>
    </Filter>
    <Filter Include="Scenes">
      <UniqueIdentifier>{f61f03e9-1bd5-429e-9c1c-794dcf73d86d}</UniqueIdentifier>
    </Filter>
    <Filter Include="Map Objects">
      <UniqueIdentifier>{3c00e427-0df8-4c81-9fb2-4785ef402b8f}</UniqueIdentifier>
    </Filter>
    <Filter Include="Map Objects\Mario">
      <UniqueIdentifier>{57832ccf-c640-40ed-abb8-798aab72d838}</UniqueIdentifier>
    </Filter>
    <Filter Include="Map Objects\Bricks">
      <UniqueIdentifier>{ebe9c5db-a00c-4563-b9a4-e65bc345967d}</UniqueIdentifier>
    </Filter>
    <Filter Include="Map Objects\Coins">
      <UniqueIdentifier>{391eaadd-bf7e-4910-9e2b-f9244e3eaac1}</UniqueIdentifier>
    </Filter>
    <Filter Include="Map Objects\Portal">
      <UniqueIdentifier>{d07ab3cb-e37d-4c69-a9e1-ed8e8f94f05c}</UniqueIdentifier>
    </Filter>
    <Filter Include="Map Objects\Goomba">
      <UniqueIdentifier>{771681ce-e6f4-4f52-9431-6769b61383dc}</UniqueIdentifier>
    </Filter>
    <Filter Include="Scenes\Intro">
      <UniqueIdentifier>{a390a2d1-f603-4d46-aa68-fec34c8b10be}</UniqueIdentifier>
    </Filter>
    <Filter Include="Scenes\Play">
      <UniqueIdentifier>{f6730409-94a2-4dea-915b-b168a341238d}</UniqueIdentifier>
    </Filter>
    <Filter Include="Map Objects\Game Object">
      <UniqueIdentifier>{63be5bef-2348-4f23-912f-cde0d2626603}</UniqueIdentifier>
    </Filter>
    <Filter Include="Map Objects\Background">
      <UniqueIdentifier>{cd2a13b0-cf30-4564-ae1b-cc5ab1e10332}</UniqueIdentifier>
    </Filter>
    <Filter Include="Map Objects\Ground">
      <UniqueIdentifier>{a21b90e2-d334-473e-9415-956fc5a87bfa}</UniqueIdentifier>
    </Filter>
    <Filter Include="Map Objects\Tree">
      <UniqueIdentifier>{7c606753-941b-4960-83fd-184372a93705}</UniqueIdentifier>
    </Filter>
    <Filter Include="Map Objects\Bush">
      <UniqueIdentifier>{fbb2a3ee-875a-432a-ad9f-b45e6901764c}</UniqueIdentifier>
    </Filter>
    <Filter Include="Map Objects\Block">
      <UniqueIdentifier>{cb59bce8-e4f2-4748-a81e-9b7e8f1ed19e}</UniqueIdentifier>
    </Filter>
    <Filter Include="Map Objects\Platform">
      <UniqueIdentifier>{71d6e6fc-6561-409a-9d77-3b741ef33528}</UniqueIdentifier>
    </Filter>
    <Filter Include="Time">
      <UniqueIdentifier>{32454727-9eae-4d9f-a211-93d0a183b9ed}</UniqueIdentifier>
    </Filter>
    <Filter Include="Map Objects\QuestionBrick">
      <UniqueIdentifier>{4d0cad86-3281-4c93-87f4-5c94ef5fbca3}</UniqueIdentifier>
    </Filter>
    <Filter Include="Map Objects\Pipe">
      <UniqueIdentifier>{afc8d8dd-6d17-457f-a0aa-7a8ceacbe6a8}</UniqueIdentifier>
    </Filter>
  </ItemGroup>
  <ItemGroup>
    <None Include="packages.config" />
  </ItemGroup>
  <ItemGroup>
    <ClCompile Include="main.cpp">
      <Filter>Source Files</Filter>
    </ClCompile>
    <ClCompile Include="Animation.cpp">
      <Filter>Source Files</Filter>
    </ClCompile>
    <ClCompile Include="Animations.cpp">
      <Filter>Source Files</Filter>
    </ClCompile>
    <ClCompile Include="Collision.cpp">
      <Filter>Source Files</Filter>
    </ClCompile>
    <ClCompile Include="debug.cpp">
      <Filter>Source Files</Filter>
    </ClCompile>
    <ClCompile Include="Game.cpp">
      <Filter>Source Files</Filter>
    </ClCompile>
    <ClCompile Include="SampleKeyEventHandler.cpp">
      <Filter>Source Files</Filter>
    </ClCompile>
    <ClCompile Include="Sprite.cpp">
      <Filter>Source Files</Filter>
    </ClCompile>
    <ClCompile Include="Sprites.cpp">
      <Filter>Source Files</Filter>
    </ClCompile>
    <ClCompile Include="Textures.cpp">
      <Filter>Source Files</Filter>
    </ClCompile>
    <ClCompile Include="Utils.cpp">
      <Filter>Source Files</Filter>
    </ClCompile>
    <ClCompile Include="Mario.cpp">
      <Filter>Map Objects\Mario</Filter>
    </ClCompile>
    <ClCompile Include="Brick.cpp">
      <Filter>Map Objects\Bricks</Filter>
    </ClCompile>
    <ClCompile Include="Coin.cpp">
      <Filter>Map Objects\Coins</Filter>
    </ClCompile>
    <ClCompile Include="Portal.cpp">
      <Filter>Map Objects\Portal</Filter>
    </ClCompile>
    <ClCompile Include="Goomba.cpp">
      <Filter>Map Objects\Goomba</Filter>
    </ClCompile>
    <ClCompile Include="IntroScene.cpp">
      <Filter>Scenes\Intro</Filter>
    </ClCompile>
    <ClCompile Include="PlayScene.cpp">
      <Filter>Scenes\Play</Filter>
    </ClCompile>
    <ClCompile Include="GameObject.cpp">
      <Filter>Map Objects\Game Object</Filter>
    </ClCompile>
    <ClCompile Include="Background.cpp">
      <Filter>Map Objects\Background</Filter>
    </ClCompile>
    <ClCompile Include="Ground.cpp">
      <Filter>Map Objects\Ground</Filter>
    </ClCompile>
    <ClCompile Include="Tree.cpp">
      <Filter>Map Objects\Tree</Filter>
    </ClCompile>
    <ClCompile Include="Bush.cpp">
      <Filter>Map Objects\Bush</Filter>
    </ClCompile>
    <ClCompile Include="Block.cpp">
      <Filter>Map Objects\Block</Filter>
    </ClCompile>
    <ClCompile Include="Platform.cpp">
      <Filter>Map Objects\Platform</Filter>
    </ClCompile>
    <ClCompile Include="Timer.cpp">
      <Filter>Time</Filter>
    </ClCompile>
    <ClCompile Include="Pipe.cpp">
      <Filter>Map Objects\Pipe</Filter>
    </ClCompile>
    <ClCompile Include="QuesionBrick.cpp">
      <Filter>Map Objects\QuestionBrick</Filter>
    </ClCompile>
  </ItemGroup>
  <ItemGroup>
    <ClInclude Include="Animation.h">
      <Filter>Header Files</Filter>
    </ClInclude>
    <ClInclude Include="AnimationFrame.h">
      <Filter>Header Files</Filter>
    </ClInclude>
    <ClInclude Include="Animations.h">
      <Filter>Header Files</Filter>
    </ClInclude>
    <ClInclude Include="AssetIDs.h">
      <Filter>Header Files</Filter>
    </ClInclude>
    <ClInclude Include="Collision.h">
      <Filter>Header Files</Filter>
    </ClInclude>
    <ClInclude Include="debug.h">
      <Filter>Header Files</Filter>
    </ClInclude>
    <ClInclude Include="Game.h">
      <Filter>Header Files</Filter>
    </ClInclude>
    <ClInclude Include="KeyEventHandler.h">
      <Filter>Header Files</Filter>
    </ClInclude>
    <ClInclude Include="SampleKeyEventHandler.h">
      <Filter>Header Files</Filter>
    </ClInclude>
    <ClInclude Include="Sprite.h">
      <Filter>Header Files</Filter>
    </ClInclude>
    <ClInclude Include="Sprites.h">
      <Filter>Header Files</Filter>
    </ClInclude>
    <ClInclude Include="Texture.h">
      <Filter>Header Files</Filter>
    </ClInclude>
    <ClInclude Include="Textures.h">
      <Filter>Header Files</Filter>
    </ClInclude>
    <ClInclude Include="Utils.h">
      <Filter>Header Files</Filter>
    </ClInclude>
    <ClInclude Include="Scene.h">
      <Filter>Scenes</Filter>
    </ClInclude>
    <ClInclude Include="Mario.h">
      <Filter>Map Objects\Mario</Filter>
    </ClInclude>
    <ClInclude Include="Brick.h">
      <Filter>Map Objects\Bricks</Filter>
    </ClInclude>
    <ClInclude Include="Coin.h">
      <Filter>Map Objects\Coins</Filter>
    </ClInclude>
    <ClInclude Include="Portal.h">
      <Filter>Map Objects\Portal</Filter>
    </ClInclude>
    <ClInclude Include="Goomba.h">
      <Filter>Map Objects\Goomba</Filter>
    </ClInclude>
    <ClInclude Include="IntroScene.h">
      <Filter>Scenes\Intro</Filter>
    </ClInclude>
    <ClInclude Include="PlayScene.h">
      <Filter>Scenes\Play</Filter>
    </ClInclude>
    <ClInclude Include="GameObject.h">
      <Filter>Map Objects\Game Object</Filter>
    </ClInclude>
    <ClInclude Include="Background.h">
      <Filter>Map Objects\Background</Filter>
    </ClInclude>
    <ClInclude Include="Ground.h">
      <Filter>Map Objects\Ground</Filter>
    </ClInclude>
    <ClInclude Include="Tree.h">
      <Filter>Map Objects\Tree</Filter>
    </ClInclude>
    <ClInclude Include="Bush.h">
      <Filter>Map Objects\Bush</Filter>
    </ClInclude>
    <ClInclude Include="Block.h">
      <Filter>Map Objects\Block</Filter>
    </ClInclude>
    <ClInclude Include="Platform.h">
      <Filter>Map Objects\Platform</Filter>
    </ClInclude>
    <ClInclude Include="Timer.h">
      <Filter>Time</Filter>
    </ClInclude>
    <ClInclude Include="Pipe.h">
      <Filter>Map Objects\Pipe</Filter>
    </ClInclude>
    <ClInclude Include="QuesionBrick.h">
      <Filter>Map Objects\QuestionBrick</Filter>
    </ClInclude>
  </ItemGroup>
</Project>